github.com/JoshuaDoes/json v0.0.0-20200726213358-ec3860544ac0 h1:315Zb0n+8KwZyUiIKbDGvfrQ003c0XfHYNy0M4vv5cA=
github.com/JoshuaDoes/json v0.0.0-20200726213358-ec3860544ac0/go.mod h1:vsCdx75bni6k6GIQPPima8KiM7ZjNHeBJ8keBaJOADA=
golang.org/x/sys v0.8.0 h1:EBmGv8NaZBZTWvrbjNoL6HVt+IVy3QDQpJs7VRIw3tU=
golang.org/x/sys v0.8.0/go.mod h1:oPkhp1MJrh7nUepCBck5+mAzfO9JrbApNNgaTdGDITg=
